
Microsoft Visual Studio Solution File, Format Version 12.00
# Visual Studio Version 17
VisualStudioVersion = 17.5.33424.131
MinimumVisualStudioVersion = 10.0.40219.1
Project("{8BC9CEB8-8B4A-11D0-8D11-00A0C91BC942}") = "mbrStatic", "mbrStatic\mbrStatic.vcxproj", "{60505D26-C782-48B8-9664-EE547185B849}"
EndProject
Project("{8BC9CEB8-8B4A-11D0-8D11-00A0C91BC942}") = "chainfunction", "chainfunction\chainfunction.vcxproj", "{6109462B-F065-4F8E-8F33-BB5595C35B33}"
EndProject
Global
	GlobalSection(SolutionConfigurationPlatforms) = preSolution
		Debug|x64 = Debug|x64
		Debug|x86 = Debug|x86
		Release|x64 = Release|x64
		Release|x86 = Release|x86
	EndGlobalSection
	GlobalSection(ProjectConfigurationPlatforms) = postSolution
		{60505D26-C782-48B8-9664-EE547185B849}.Debug|x64.ActiveCfg = Debug|x64
		{60505D26-C782-48B8-9664-EE547185B849}.Debug|x64.Build.0 = Debug|x64
		{60505D26-C782-48B8-9664-EE547185B849}.Debug|x86.ActiveCfg = Debug|Win32
		{60505D26-C782-48B8-9664-EE547185B849}.Debug|x86.Build.0 = Debug|Win32
		{60505D26-C782-48B8-9664-EE547185B849}.Release|x64.ActiveCfg = Release|x64
		{60505D26-C782-48B8-9664-EE547185B849}.Release|x64.Build.0 = Release|x64
		{60505D26-C782-48B8-9664-EE547185B849}.Release|x86.ActiveCfg = Release|Win32
		{60505D26-C782-48B8-9664-EE547185B849}.Release|x86.Build.0 = Release|Win32
		{6109462B-F065-4F8E-8F33-BB5595C35B33}.Debug|x64.ActiveCfg = Debug|x64
		{6109462B-F065-4F8E-8F33-BB5595C35B33}.Debug|x64.Build.0 = Debug|x64
		{6109462B-F065-4F8E-8F33-BB5595C35B33}.Debug|x86.ActiveCfg = Debug|Win32
		{6109462B-F065-4F8E-8F33-BB5595C35B33}.Debug|x86.Build.0 = Debug|Win32
		{6109462B-F065-4F8E-8F33-BB5595C35B33}.Release|x64.ActiveCfg = Release|x64
		{6109462B-F065-4F8E-8F33-BB5595C35B33}.Release|x64.Build.0 = Release|x64
		{6109462B-F065-4F8E-8F33-BB5595C35B33}.Release|x86.ActiveCfg = Release|Win32
		{6109462B-F065-4F8E-8F33-BB5595C35B33}.Release|x86.Build.0 = Release|Win32
	EndGlobalSection
	GlobalSection(SolutionProperties) = preSolution
		HideSolutionNode = FALSE
	EndGlobalSection
	GlobalSection(ExtensibilityGlobals) = postSolution
		SolutionGuid = {40BE2A58-F581-4178-9688-76B016772714}
	EndGlobalSection
EndGlobal
